
Microsoft Visual Studio Solution File, Format Version 12.00
# Visual Studio Version 17
VisualStudioVersion = 17.11.35219.272
MinimumVisualStudioVersion = 10.0.40219.1
Project("{FAE04EC0-301F-11D3-BF4B-00C04F79EFBC}") = "Furniture", "Furniture\Furniture.csproj", "{1474CFC1-5BE4-4D54-9C25-657A1D90B178}"
EndProject
Project("{FAE04EC0-301F-11D3-BF4B-00C04F79EFBC}") = "SoftUniBarIncome", "SoftUniBarIncome\SoftUniBarIncome.csproj", "{1ABD80C4-6664-4B99-A1FE-B18C77962659}"
EndProject
Global
	GlobalSection(SolutionConfigurationPlatforms) = preSolution
		Debug|Any CPU = Debug|Any CPU
		Release|Any CPU = Release|Any CPU
	EndGlobalSection
	GlobalSection(ProjectConfigurationPlatforms) = postSolution
		{1474CFC1-5BE4-4D54-9C25-657A1D90B178}.Debug|Any CPU.ActiveCfg = Debug|Any CPU
		{1474CFC1-5BE4-4D54-9C25-657A1D90B178}.Debug|Any CPU.Build.0 = Debug|Any CPU
		{1474CFC1-5BE4-4D54-9C25-657A1D90B178}.Release|Any CPU.ActiveCfg = Release|Any CPU
		{1474CFC1-5BE4-4D54-9C25-657A1D90B178}.Release|Any CPU.Build.0 = Release|Any CPU
		{1ABD80C4-6664-4B99-A1FE-B18C77962659}.Debug|Any CPU.ActiveCfg = Debug|Any CPU
		{1ABD80C4-6664-4B99-A1FE-B18C77962659}.Debug|Any CPU.Build.0 = Debug|Any CPU
		{1ABD80C4-6664-4B99-A1FE-B18C77962659}.Release|Any CPU.ActiveCfg = Release|Any CPU
		{1ABD80C4-6664-4B99-A1FE-B18C77962659}.Release|Any CPU.Build.0 = Release|Any CPU
	EndGlobalSection
	GlobalSection(SolutionProperties) = preSolution
		HideSolutionNode = FALSE
	EndGlobalSection
	GlobalSection(ExtensibilityGlobals) = postSolution
		SolutionGuid = {0E358C2E-E9F6-4A91-B3A2-E8DFBAA5F3C5}
	EndGlobalSection
EndGlobal
